// !$*UTF8*$!
{
	archiveVersion = 1;
	classes = {
	};
	objectVersion = 50;
	objects = {

/* Begin PBXBuildFile section */
		7F707CEE221B5FD0004D24D7 /* AppDelegate.swift in Sources */ = {isa = PBXBuildFile; fileRef = 7F707CED221B5FD0004D24D7 /* AppDelegate.swift */; };
		7F707CF0221B5FD0004D24D7 /* ViewController.swift in Sources */ = {isa = PBXBuildFile; fileRef = 7F707CEF221B5FD0004D24D7 /* ViewController.swift */; };
		7F707CF3221B5FD0004D24D7 /* Main.storyboard in Resources */ = {isa = PBXBuildFile; fileRef = 7F707CF1221B5FD0004D24D7 /* Main.storyboard */; };
		7F707CF5221B5FD1004D24D7 /* Assets.xcassets in Resources */ = {isa = PBXBuildFile; fileRef = 7F707CF4221B5FD1004D24D7 /* Assets.xcassets */; };
		7F707CF8221B5FD1004D24D7 /* LaunchScreen.storyboard in Resources */ = {isa = PBXBuildFile; fileRef = 7F707CF6221B5FD1004D24D7 /* LaunchScreen.storyboard */; };
		7F707D03221B5FD1004D24D7 /* dogeTests.swift in Sources */ = {isa = PBXBuildFile; fileRef = 7F707D02221B5FD1004D24D7 /* dogeTests.swift */; };
		7F707D0E221B5FD1004D24D7 /* dogeUITests.swift in Sources */ = {isa = PBXBuildFile; fileRef = 7F707D0D221B5FD1004D24D7 /* dogeUITests.swift */; };
/* End PBXBuildFile section */

/* Begin PBXContainerItemProxy section */
		7F707CFF221B5FD1004D24D7 /* PBXContainerItemProxy */ = {
			isa = PBXContainerItemProxy;
			containerPortal = 7F707CE2221B5FD0004D24D7 /* Project object */;
			proxyType = 1;
			remoteGlobalIDString = 7F707CE9221B5FD0004D24D7;
			remoteInfo = doge;
		};
		7F707D0A221B5FD1004D24D7 /* PBXContainerItemProxy */ = {
			isa = PBXContainerItemProxy;
			containerPortal = 7F707CE2221B5FD0004D24D7 /* Project object */;
			proxyType = 1;
			remoteGlobalIDString = 7F707CE9221B5FD0004D24D7;
			remoteInfo = doge;
		};
/* End PBXContainerItemProxy section */

/* Begin PBXFileReference section */
		7F707CEA221B5FD0004D24D7 /* doge.app */ = {isa = PBXFileReference; explicitFileType = wrapper.application; includeInIndex = 0; path = doge.app; sourceTree = BUILT_PRODUCTS_DIR; };
		7F707CED221B5FD0004D24D7 /* AppDelegate.swift */ = {isa = PBXFileReference; lastKnownFileType = sourcecode.swift; path = AppDelegate.swift; sourceTree = "<group>"; };
		7F707CEF221B5FD0004D24D7 /* ViewController.swift */ = {isa = PBXFileReference; lastKnownFileType = sourcecode.swift; path = ViewController.swift; sourceTree = "<group>"; };
		7F707CF2221B5FD0004D24D7 /* Base */ = {isa = PBXFileReference; lastKnownFileType = file.storyboard; name = Base; path = Base.lproj/Main.storyboard; sourceTree = "<group>"; };
		7F707CF4221B5FD1004D24D7 /* Assets.xcassets */ = {isa = PBXFileReference; lastKnownFileType = folder.assetcatalog; path = Assets.xcassets; sourceTree = "<group>"; };
		7F707CF7221B5FD1004D24D7 /* Base */ = {isa = PBXFileReference; lastKnownFileType = file.storyboard; name = Base; path = Base.lproj/LaunchScreen.storyboard; sourceTree = "<group>"; };
		7F707CF9221B5FD1004D24D7 /* Info.plist */ = {isa = PBXFileReference; lastKnownFileType = text.plist.xml; path = Info.plist; sourceTree = "<group>"; };
		7F707CFE221B5FD1004D24D7 /* dogeTests.xctest */ = {isa = PBXFileReference; explicitFileType = wrapper.cfbundle; includeInIndex = 0; path = dogeTests.xctest; sourceTree = BUILT_PRODUCTS_DIR; };
		7F707D02221B5FD1004D24D7 /* dogeTests.swift */ = {isa = PBXFileReference; lastKnownFileType = sourcecode.swift; path = dogeTests.swift; sourceTree = "<group>"; };
		7F707D04221B5FD1004D24D7 /* Info.plist */ = {isa = PBXFileReference; lastKnownFileType = text.plist.xml; path = Info.plist; sourceTree = "<group>"; };
		7F707D09221B5FD1004D24D7 /* dogeUITests.xctest */ = {isa = PBXFileReference; explicitFileType = wrapper.cfbundle; includeInIndex = 0; path = dogeUITests.xctest; sourceTree = BUILT_PRODUCTS_DIR; };
		7F707D0D221B5FD1004D24D7 /* dogeUITests.swift */ = {isa = PBXFileReference; lastKnownFileType = sourcecode.swift; path = dogeUITests.swift; sourceTree = "<group>"; };
		7F707D0F221B5FD1004D24D7 /* Info.plist */ = {isa = PBXFileReference; lastKnownFileType = text.plist.xml; path = Info.plist; sourceTree = "<group>"; };
/* End PBXFileReference section */

/* Begin PBXFrameworksBuildPhase section */
		7F707CE7221B5FD0004D24D7 /* Frameworks */ = {
			isa = PBXFrameworksBuildPhase;
			buildActionMask = 2147483647;
			files = (
			);
			runOnlyForDeploymentPostprocessing = 0;
		};
		7F707CFB221B5FD1004D24D7 /* Frameworks */ = {
			isa = PBXFrameworksBuildPhase;
			buildActionMask = 2147483647;
			files = (
			);
			runOnlyForDeploymentPostprocessing = 0;
		};
		7F707D06221B5FD1004D24D7 /* Frameworks */ = {
			isa = PBXFrameworksBuildPhase;
			buildActionMask = 2147483647;
			files = (
			);
			runOnlyForDeploymentPostprocessing = 0;
		};
/* End PBXFrameworksBuildPhase section */

/* Begin PBXGroup section */
		7F707CE1221B5FD0004D24D7 = {
			isa = PBXGroup;
			children = (
				7F707CEC221B5FD0004D24D7 /* doge */,
				7F707D01221B5FD1004D24D7 /* dogeTests */,
				7F707D0C221B5FD1004D24D7 /* dogeUITests */,
				7F707CEB221B5FD0004D24D7 /* Products */,
			);
			sourceTree = "<group>";
		};
		7F707CEB221B5FD0004D24D7 /* Products */ = {
			isa = PBXGroup;
			children = (
				7F707CEA221B5FD0004D24D7 /* doge.app */,
				7F707CFE221B5FD1004D24D7 /* dogeTests.xctest */,
				7F707D09221B5FD1004D24D7 /* dogeUITests.xctest */,
			);
			name = Products;
			sourceTree = "<group>";
		};
		7F707CEC221B5FD0004D24D7 /* doge */ = {
			isa = PBXGroup;
			children = (
				7F707CED221B5FD0004D24D7 /* AppDelegate.swift */,
				7F707CEF221B5FD0004D24D7 /* ViewController.swift */,
				7F707CF1221B5FD0004D24D7 /* Main.storyboard */,
				7F707CF4221B5FD1004D24D7 /* Assets.xcassets */,
				7F707CF6221B5FD1004D24D7 /* LaunchScreen.storyboard */,
				7F707CF9221B5FD1004D24D7 /* Info.plist */,
			);
			path = doge;
			sourceTree = "<group>";
		};
		7F707D01221B5FD1004D24D7 /* dogeTests */ = {
			isa = PBXGroup;
			children = (
				7F707D02221B5FD1004D24D7 /* dogeTests.swift */,
				7F707D04221B5FD1004D24D7 /* Info.plist */,
			);
			path = dogeTests;
			sourceTree = "<group>";
		};
		7F707D0C221B5FD1004D24D7 /* dogeUITests */ = {
			isa = PBXGroup;
			children = (
				7F707D0D221B5FD1004D24D7 /* dogeUITests.swift */,
				7F707D0F221B5FD1004D24D7 /* Info.plist */,
			);
			path = dogeUITests;
			sourceTree = "<group>";
		};
/* End PBXGroup section */

/* Begin PBXNativeTarget section */
		7F707CE9221B5FD0004D24D7 /* doge */ = {
			isa = PBXNativeTarget;
			buildConfigurationList = 7F707D12221B5FD1004D24D7 /* Build configuration list for PBXNativeTarget "doge" */;
			buildPhases = (
				7F707CE6221B5FD0004D24D7 /* Sources */,
				7F707CE7221B5FD0004D24D7 /* Frameworks */,
				7F707CE8221B5FD0004D24D7 /* Resources */,
			);
			buildRules = (
			);
			dependencies = (
			);
			name = doge;
			productName = doge;
			productReference = 7F707CEA221B5FD0004D24D7 /* doge.app */;
			productType = "com.apple.product-type.application";
		};
		7F707CFD221B5FD1004D24D7 /* dogeTests */ = {
			isa = PBXNativeTarget;
			buildConfigurationList = 7F707D15221B5FD1004D24D7 /* Build configuration list for PBXNativeTarget "dogeTests" */;
			buildPhases = (
				7F707CFA221B5FD1004D24D7 /* Sources */,
				7F707CFB221B5FD1004D24D7 /* Frameworks */,
				7F707CFC221B5FD1004D24D7 /* Resources */,
			);
			buildRules = (
			);
			dependencies = (
				7F707D00221B5FD1004D24D7 /* PBXTargetDependency */,
			);
			name = dogeTests;
			productName = dogeTests;
			productReference = 7F707CFE221B5FD1004D24D7 /* dogeTests.xctest */;
			productType = "com.apple.product-type.bundle.unit-test";
		};
		7F707D08221B5FD1004D24D7 /* dogeUITests */ = {
			isa = PBXNativeTarget;
			buildConfigurationList = 7F707D18221B5FD1004D24D7 /* Build configuration list for PBXNativeTarget "dogeUITests" */;
			buildPhases = (
				7F707D05221B5FD1004D24D7 /* Sources */,
				7F707D06221B5FD1004D24D7 /* Frameworks */,
				7F707D07221B5FD1004D24D7 /* Resources */,
			);
			buildRules = (
			);
			dependencies = (
				7F707D0B221B5FD1004D24D7 /* PBXTargetDependency */,
			);
			name = dogeUITests;
			productName = dogeUITests;
			productReference = 7F707D09221B5FD1004D24D7 /* dogeUITests.xctest */;
			productType = "com.apple.product-type.bundle.ui-testing";
		};
/* End PBXNativeTarget section */

/* Begin PBXProject section */
		7F707CE2221B5FD0004D24D7 /* Project object */ = {
			isa = PBXProject;
			attributes = {
				LastSwiftUpdateCheck = 1010;
				LastUpgradeCheck = 1010;
				ORGANIZATIONNAME = "Peter Victoratos";
				TargetAttributes = {
					7F707CE9221B5FD0004D24D7 = {
						CreatedOnToolsVersion = 10.1;
					};
					7F707CFD221B5FD1004D24D7 = {
						CreatedOnToolsVersion = 10.1;
						TestTargetID = 7F707CE9221B5FD0004D24D7;
					};
					7F707D08221B5FD1004D24D7 = {
						CreatedOnToolsVersion = 10.1;
						TestTargetID = 7F707CE9221B5FD0004D24D7;
					};
				};
			};
			buildConfigurationList = 7F707CE5221B5FD0004D24D7 /* Build configuration list for PBXProject "doge" */;
			compatibilityVersion = "Xcode 9.3";
			developmentRegion = en;
			hasScannedForEncodings = 0;
			knownRegions = (
				en,
				Base,
			);
			mainGroup = 7F707CE1221B5FD0004D24D7;
			productRefGroup = 7F707CEB221B5FD0004D24D7 /* Products */;
			projectDirPath = "";
			projectRoot = "";
			targets = (
				7F707CE9221B5FD0004D24D7 /* doge */,
				7F707CFD221B5FD1004D24D7 /* dogeTests */,
				7F707D08221B5FD1004D24D7 /* dogeUITests */,
			);
		};
/* End PBXProject section */

/* Begin PBXResourcesBuildPhase section */
		7F707CE8221B5FD0004D24D7 /* Resources */ = {
			isa = PBXResourcesBuildPhase;
			buildActionMask = 2147483647;
			files = (
				7F707CF8221B5FD1004D24D7 /* LaunchScreen.storyboard in Resources */,
				7F707CF5221B5FD1004D24D7 /* Assets.xcassets in Resources */,
				7F707CF3221B5FD0004D24D7 /* Main.storyboard in Resources */,
			);
			runOnlyForDeploymentPostprocessing = 0;
		};
		7F707CFC221B5FD1004D24D7 /* Resources */ = {
			isa = PBXResourcesBuildPhase;
			buildActionMask = 2147483647;
			files = (
			);
			runOnlyForDeploymentPostprocessing = 0;
		};
		7F707D07221B5FD1004D24D7 /* Resources */ = {
			isa = PBXResourcesBuildPhase;
			buildActionMask = 2147483647;
			files = (
			);
			runOnlyForDeploymentPostprocessing = 0;
		};
/* End PBXResourcesBuildPhase section */

/* Begin PBXSourcesBuildPhase section */
		7F707CE6221B5FD0004D24D7 /* Sources */ = {
			isa = PBXSourcesBuildPhase;
			buildActionMask = 2147483647;
			files = (
				7F707CF0221B5FD0004D24D7 /* ViewController.swift in Sources */,
				7F707CEE221B5FD0004D24D7 /* AppDelegate.swift in Sources */,
			);
			runOnlyForDeploymentPostprocessing = 0;
		};
		7F707CFA221B5FD1004D24D7 /* Sources */ = {
			isa = PBXSourcesBuildPhase;
			buildActionMask = 2147483647;
			files = (
				7F707D03221B5FD1004D24D7 /* dogeTests.swift in Sources */,
			);
			runOnlyForDeploymentPostprocessing = 0;
		};
		7F707D05221B5FD1004D24D7 /* Sources */ = {
			isa = PBXSourcesBuildPhase;
			buildActionMask = 2147483647;
			files = (
				7F707D0E221B5FD1004D24D7 /* dogeUITests.swift in Sources */,
			);
			runOnlyForDeploymentPostprocessing = 0;
		};
/* End PBXSourcesBuildPhase section */

/* Begin PBXTargetDependency section */
		7F707D00221B5FD1004D24D7 /* PBXTargetDependency */ = {
			isa = PBXTargetDependency;
			target = 7F707CE9221B5FD0004D24D7 /* doge */;
			targetProxy = 7F707CFF221B5FD1004D24D7 /* PBXContainerItemProxy */;
		};
		7F707D0B221B5FD1004D24D7 /* PBXTargetDependency */ = {
			isa = PBXTargetDependency;
			target = 7F707CE9221B5FD0004D24D7 /* doge */;
			targetProxy = 7F707D0A221B5FD1004D24D7 /* PBXContainerItemProxy */;
		};
/* End PBXTargetDependency section */

/* Begin PBXVariantGroup section */
		7F707CF1221B5FD0004D24D7 /* Main.storyboard */ = {
			isa = PBXVariantGroup;
			children = (
				7F707CF2221B5FD0004D24D7 /* Base */,
			);
			name = Main.storyboard;
			sourceTree = "<group>";
		};
		7F707CF6221B5FD1004D24D7 /* LaunchScreen.storyboard */ = {
			isa = PBXVariantGroup;
			children = (
				7F707CF7221B5FD1004D24D7 /* Base */,
			);
			name = LaunchScreen.storyboard;
			sourceTree = "<group>";
		};
/* End PBXVariantGroup section */

/* Begin XCBuildConfiguration section */
		7F707D10221B5FD1004D24D7 /* Debug */ = {
			isa = XCBuildConfiguration;
			buildSettings = {
				ALWAYS_SEARCH_USER_PATHS = NO;
				CLANG_ANALYZER_NONNULL = YES;
				CLANG_ANALYZER_NUMBER_OBJECT_CONVERSION = YES_AGGRESSIVE;
				CLANG_CXX_LANGUAGE_STANDARD = "gnu++14";
				CLANG_CXX_LIBRARY = "libc++";
				CLANG_ENABLE_MODULES = YES;
				CLANG_ENABLE_OBJC_ARC = YES;
				CLANG_ENABLE_OBJC_WEAK = YES;
				CLANG_WARN_BLOCK_CAPTURE_AUTORELEASING = YES;
				CLANG_WARN_BOOL_CONVERSION = YES;
				CLANG_WARN_COMMA = YES;
				CLANG_WARN_CONSTANT_CONVERSION = YES;
				CLANG_WARN_DEPRECATED_OBJC_IMPLEMENTATIONS = YES;
				CLANG_WARN_DIRECT_OBJC_ISA_USAGE = YES_ERROR;
				CLANG_WARN_DOCUMENTATION_COMMENTS = YES;
				CLANG_WARN_EMPTY_BODY = YES;
				CLANG_WARN_ENUM_CONVERSION = YES;
				CLANG_WARN_INFINITE_RECURSION = YES;
				CLANG_WARN_INT_CONVERSION = YES;
				CLANG_WARN_NON_LITERAL_NULL_CONVERSION = YES;
				CLANG_WARN_OBJC_IMPLICIT_RETAIN_SELF = YES;
				CLANG_WARN_OBJC_LITERAL_CONVERSION = YES;
				CLANG_WARN_OBJC_ROOT_CLASS = YES_ERROR;
				CLANG_WARN_RANGE_LOOP_ANALYSIS = YES;
				CLANG_WARN_STRICT_PROTOTYPES = YES;
				CLANG_WARN_SUSPICIOUS_MOVE = YES;
				CLANG_WARN_UNGUARDED_AVAILABILITY = YES_AGGRESSIVE;
				CLANG_WARN_UNREACHABLE_CODE = YES;
				CLANG_WARN__DUPLICATE_METHOD_MATCH = YES;
				CODE_SIGN_IDENTITY = "iPhone Developer";
				COPY_PHASE_STRIP = NO;
				DEBUG_INFORMATION_FORMAT = dwarf;
				ENABLE_STRICT_OBJC_MSGSEND = YES;
				ENABLE_TESTABILITY = YES;
				GCC_C_LANGUAGE_STANDARD = gnu11;
				GCC_DYNAMIC_NO_PIC = NO;
				GCC_NO_COMMON_BLOCKS = YES;
				GCC_OPTIMIZATION_LEVEL = 0;
				GCC_PREPROCESSOR_DEFINITIONS = (
					"DEBUG=1",
					"$(inherited)",
				);
				GCC_WARN_64_TO_32_BIT_CONVERSION = YES;
				GCC_WARN_ABOUT_RETURN_TYPE = YES_ERROR;
				GCC_WARN_UNDECLARED_SELECTOR = YES;
				GCC_WARN_UNINITIALIZED_AUTOS = YES_AGGRESSIVE;
				GCC_WARN_UNUSED_FUNCTION = YES;
				GCC_WARN_UNUSED_VARIABLE = YES;
				IPHONEOS_DEPLOYMENT_TARGET = 12.1;
				MTL_ENABLE_DEBUG_INFO = INCLUDE_SOURCE;
				MTL_FAST_MATH = YES;
				ONLY_ACTIVE_ARCH = YES;
				SDKROOT = iphoneos;
				SWIFT_ACTIVE_COMPILATION_CONDITIONS = DEBUG;
				SWIFT_OPTIMIZATION_LEVEL = "-Onone";
			};
			name = Debug;
		};
		7F707D11221B5FD1004D24D7 /* Release */ = {
			isa = XCBuildConfiguration;
			buildSettings = {
				ALWAYS_SEARCH_USER_PATHS = NO;
				CLANG_ANALYZER_NONNULL = YES;
				CLANG_ANALYZER_NUMBER_OBJECT_CONVERSION = YES_AGGRESSIVE;
				CLANG_CXX_LANGUAGE_STANDARD = "gnu++14";
				CLANG_CXX_LIBRARY = "libc++";
				CLANG_ENABLE_MODULES = YES;
				CLANG_ENABLE_OBJC_ARC = YES;
				CLANG_ENABLE_OBJC_WEAK = YES;
				CLANG_WARN_BLOCK_CAPTURE_AUTORELEASING = YES;
				CLANG_WARN_BOOL_CONVERSION = YES;
				CLANG_WARN_COMMA = YES;
				CLANG_WARN_CONSTANT_CONVERSION = YES;
				CLANG_WARN_DEPRECATED_OBJC_IMPLEMENTATIONS = YES;
				CLANG_WARN_DIRECT_OBJC_ISA_USAGE = YES_ERROR;
				CLANG_WARN_DOCUMENTATION_COMMENTS = YES;
				CLANG_WARN_EMPTY_BODY = YES;
				CLANG_WARN_ENUM_CONVERSION = YES;
				CLANG_WARN_INFINITE_RECURSION = YES;
				CLANG_WARN_INT_CONVERSION = YES;
				CLANG_WARN_NON_LITERAL_NULL_CONVERSION = YES;
				CLANG_WARN_OBJC_IMPLICIT_RETAIN_SELF = YES;
				CLANG_WARN_OBJC_LITERAL_CONVERSION = YES;
				CLANG_WARN_OBJC_ROOT_CLASS = YES_ERROR;
				CLANG_WARN_RANGE_LOOP_ANALYSIS = YES;
				CLANG_WARN_STRICT_PROTOTYPES = YES;
				CLANG_WARN_SUSPICIOUS_MOVE = YES;
				CLANG_WARN_UNGUARDED_AVAILABILITY = YES_AGGRESSIVE;
				CLANG_WARN_UNREACHABLE_CODE = YES;
				CLANG_WARN__DUPLICATE_METHOD_MATCH = YES;
				CODE_SIGN_IDENTITY = "iPhone Developer";
				COPY_PHASE_STRIP = NO;
				DEBUG_INFORMATION_FORMAT = "dwarf-with-dsym";
				ENABLE_NS_ASSERTIONS = NO;
				ENABLE_STRICT_OBJC_MSGSEND = YES;
				GCC_C_LANGUAGE_STANDARD = gnu11;
				GCC_NO_COMMON_BLOCKS = YES;
				GCC_WARN_64_TO_32_BIT_CONVERSION = YES;
				GCC_WARN_ABOUT_RETURN_TYPE = YES_ERROR;
				GCC_WARN_UNDECLARED_SELECTOR = YES;
				GCC_WARN_UNINITIALIZED_AUTOS = YES_AGGRESSIVE;
				GCC_WARN_UNUSED_FUNCTION = YES;
				GCC_WARN_UNUSED_VARIABLE = YES;
				IPHONEOS_DEPLOYMENT_TARGET = 12.1;
				MTL_ENABLE_DEBUG_INFO = NO;
				MTL_FAST_MATH = YES;
				SDKROOT = iphoneos;
				SWIFT_COMPILATION_MODE = wholemodule;
				SWIFT_OPTIMIZATION_LEVEL = "-O";
				VALIDATE_PRODUCT = YES;
			};
			name = Release;
		};
		7F707D13221B5FD1004D24D7 /* Debug */ = {
			isa = XCBuildConfiguration;
			buildSettings = {
				ASSETCATALOG_COMPILER_APPICON_NAME = AppIcon;
				CODE_SIGN_STYLE = Automatic;
				INFOPLIST_FILE = doge/Info.plist;
				LD_RUNPATH_SEARCH_PATHS = (
					"$(inherited)",
					"@executable_path/Frameworks",
				);
				PRODUCT_BUNDLE_IDENTIFIER = edu.elon.cs.doge;
				PRODUCT_NAME = "$(TARGET_NAME)";
				SWIFT_VERSION = 4.2;
				TARGETED_DEVICE_FAMILY = "1,2";
			};
			name = Debug;
		};
		7F707D14221B5FD1004D24D7 /* Release */ = {
			isa = XCBuildConfiguration;
			buildSettings = {
				ASSETCATALOG_COMPILER_APPICON_NAME = AppIcon;
				CODE_SIGN_STYLE = Automatic;
				INFOPLIST_FILE = doge/Info.plist;
				LD_RUNPATH_SEARCH_PATHS = (
					"$(inherited)",
					"@executable_path/Frameworks",
				);
				PRODUCT_BUNDLE_IDENTIFIER = edu.elon.cs.doge;
				PRODUCT_NAME = "$(TARGET_NAME)";
				SWIFT_VERSION = 4.2;
				TARGETED_DEVICE_FAMILY = "1,2";
			};
			name = Release;
		};
		7F707D16221B5FD1004D24D7 /* Debug */ = {
			isa = XCBuildConfiguration;
			buildSettings = {
				ALWAYS_EMBED_SWIFT_STANDARD_LIBRARIES = YES;
				BUNDLE_LOADER = "$(TEST_HOST)";
				CODE_SIGN_STYLE = Automatic;
				INFOPLIST_FILE = dogeTests/Info.plist;
				LD_RUNPATH_SEARCH_PATHS = (
					"$(inherited)",
					"@executable_path/Frameworks",
					"@loader_path/Frameworks",
				);
				PRODUCT_BUNDLE_IDENTIFIER = edu.elon.cs.dogeTests;
				PRODUCT_NAME = "$(TARGET_NAME)";
				SWIFT_VERSION = 4.2;
				TARGETED_DEVICE_FAMILY = "1,2";
				TEST_HOST = "$(BUILT_PRODUCTS_DIR)/doge.app/doge";
			};
			name = Debug;
		};
		7F707D17221B5FD1004D24D7 /* Release */ = {
			isa = XCBuildConfiguration;
			buildSettings = {
				ALWAYS_EMBED_SWIFT_STANDARD_LIBRARIES = YES;
				BUNDLE_LOADER = "$(TEST_HOST)";
				CODE_SIGN_STYLE = Automatic;
				INFOPLIST_FILE = dogeTests/Info.plist;
				LD_RUNPATH_SEARCH_PATHS = (
					"$(inherited)",
					"@executable_path/Frameworks",
					"@loader_path/Frameworks",
				);
				PRODUCT_BUNDLE_IDENTIFIER = edu.elon.cs.dogeTests;
				PRODUCT_NAME = "$(TARGET_NAME)";
				SWIFT_VERSION = 4.2;
				TARGETED_DEVICE_FAMILY = "1,2";
				TEST_HOST = "$(BUILT_PRODUCTS_DIR)/doge.app/doge";
			};
			name = Release;
		};
		7F707D19221B5FD1004D24D7 /* Debug */ = {
			isa = XCBuildConfiguration;
			buildSettings = {
				ALWAYS_EMBED_SWIFT_STANDARD_LIBRARIES = YES;
				CODE_SIGN_STYLE = Automatic;
				INFOPLIST_FILE = dogeUITests/Info.plist;
				LD_RUNPATH_SEARCH_PATHS = (
					"$(inherited)",
					"@executable_path/Frameworks",
					"@loader_path/Frameworks",
				);
				PRODUCT_BUNDLE_IDENTIFIER = edu.elon.cs.dogeUITests;
				PRODUCT_NAME = "$(TARGET_NAME)";
				SWIFT_VERSION = 4.2;
				TARGETED_DEVICE_FAMILY = "1,2";
				TEST_TARGET_NAME = doge;
			};
			name = Debug;
		};
		7F707D1A221B5FD1004D24D7 /* Release */ = {
			isa = XCBuildConfiguration;
			buildSettings = {
				ALWAYS_EMBED_SWIFT_STANDARD_LIBRARIES = YES;
				CODE_SIGN_STYLE = Automatic;
				INFOPLIST_FILE = dogeUITests/Info.plist;
				LD_RUNPATH_SEARCH_PATHS = (
					"$(inherited)",
					"@executable_path/Frameworks",
					"@loader_path/Frameworks",
				);
				PRODUCT_BUNDLE_IDENTIFIER = edu.elon.cs.dogeUITests;
				PRODUCT_NAME = "$(TARGET_NAME)";
				SWIFT_VERSION = 4.2;
				TARGETED_DEVICE_FAMILY = "1,2";
				TEST_TARGET_NAME = doge;
			};
			name = Release;
		};
/* End XCBuildConfiguration section */

/* Begin XCConfigurationList section */
		7F707CE5221B5FD0004D24D7 /* Build configuration list for PBXProject "doge" */ = {
			isa = XCConfigurationList;
			buildConfigurations = (
				7F707D10221B5FD1004D24D7 /* Debug */,
				7F707D11221B5FD1004D24D7 /* Release */,
			);
			defaultConfigurationIsVisible = 0;
			defaultConfigurationName = Release;
		};
		7F707D12221B5FD1004D24D7 /* Build configuration list for PBXNativeTarget "doge" */ = {
			isa = XCConfigurationList;
			buildConfigurations = (
				7F707D13221B5FD1004D24D7 /* Debug */,
				7F707D14221B5FD1004D24D7 /* Release */,
			);
			defaultConfigurationIsVisible = 0;
			defaultConfigurationName = Release;
		};
		7F707D15221B5FD1004D24D7 /* Build configuration list for PBXNativeTarget "dogeTests" */ = {
			isa = XCConfigurationList;
			buildConfigurations = (
				7F707D16221B5FD1004D24D7 /* Debug */,
				7F707D17221B5FD1004D24D7 /* Release */,
			);
			defaultConfigurationIsVisible = 0;
			defaultConfigurationName = Release;
		};
		7F707D18221B5FD1004D24D7 /* Build configuration list for PBXNativeTarget "dogeUITests" */ = {
			isa = XCConfigurationList;
			buildConfigurations = (
				7F707D19221B5FD1004D24D7 /* Debug */,
				7F707D1A221B5FD1004D24D7 /* Release */,
			);
			defaultConfigurationIsVisible = 0;
			defaultConfigurationName = Release;
		};
/* End XCConfigurationList section */
	};
	rootObject = 7F707CE2221B5FD0004D24D7 /* Project object */;
}
